
Microsoft Visual Studio Solution File, Format Version 12.00
# Visual Studio 15
VisualStudioVersion = 15.0.28010.2016
MinimumVisualStudioVersion = 10.0.40219.1
Project("{FAE04EC0-301F-11D3-BF4B-00C04F79EFBC}") = "NoteAppUI", "NoteAppUI\NoteAppUI.csproj", "{C1D65753-00BB-4EFF-B9EF-3183DFE8B322}"
EndProject
Project("{FAE04EC0-301F-11D3-BF4B-00C04F79EFBC}") = "NoteApp", "NoteApp\NoteApp.csproj", "{5B9D776F-ADF2-4AA2-B0F1-F0328A54C739}"
EndProject
Project("{FAE04EC0-301F-11D3-BF4B-00C04F79EFBC}") = "NoteApp.UnitTests", "ClassLibrary1\NoteApp.UnitTests.csproj", "{08E3E3AD-61EF-4DAF-9D1E-216C0EB054F9}"
EndProject
Global
	GlobalSection(SolutionConfigurationPlatforms) = preSolution
		Debug|Any CPU = Debug|Any CPU
		Release|Any CPU = Release|Any CPU
	EndGlobalSection
	GlobalSection(ProjectConfigurationPlatforms) = postSolution
		{C1D65753-00BB-4EFF-B9EF-3183DFE8B322}.Debug|Any CPU.ActiveCfg = Debug|Any CPU
		{C1D65753-00BB-4EFF-B9EF-3183DFE8B322}.Debug|Any CPU.Build.0 = Debug|Any CPU
		{C1D65753-00BB-4EFF-B9EF-3183DFE8B322}.Release|Any CPU.ActiveCfg = Release|Any CPU
		{C1D65753-00BB-4EFF-B9EF-3183DFE8B322}.Release|Any CPU.Build.0 = Release|Any CPU
		{5B9D776F-ADF2-4AA2-B0F1-F0328A54C739}.Debug|Any CPU.ActiveCfg = Debug|Any CPU
		{5B9D776F-ADF2-4AA2-B0F1-F0328A54C739}.Debug|Any CPU.Build.0 = Debug|Any CPU
		{5B9D776F-ADF2-4AA2-B0F1-F0328A54C739}.Release|Any CPU.ActiveCfg = Release|Any CPU
		{5B9D776F-ADF2-4AA2-B0F1-F0328A54C739}.Release|Any CPU.Build.0 = Release|Any CPU
		{08E3E3AD-61EF-4DAF-9D1E-216C0EB054F9}.Debug|Any CPU.ActiveCfg = Debug|Any CPU
		{08E3E3AD-61EF-4DAF-9D1E-216C0EB054F9}.Debug|Any CPU.Build.0 = Debug|Any CPU
		{08E3E3AD-61EF-4DAF-9D1E-216C0EB054F9}.Release|Any CPU.ActiveCfg = Release|Any CPU
		{08E3E3AD-61EF-4DAF-9D1E-216C0EB054F9}.Release|Any CPU.Build.0 = Release|Any CPU
	EndGlobalSection
	GlobalSection(SolutionProperties) = preSolution
		HideSolutionNode = FALSE
	EndGlobalSection
	GlobalSection(ExtensibilityGlobals) = postSolution
		SolutionGuid = {CCBD43C7-1E6E-4E48-B763-ACB6213916AD}
	EndGlobalSection
EndGlobal
